// !$*UTF8*$!
{
	archiveVersion = 1;
	classes = {
	};
	objectVersion = 55;
	objects = {

/* Begin PBXBuildFile section */
		91313C15286B459F004D1312 /* AppDelegate.swift in Sources */ = {isa = PBXBuildFile; fileRef = 91313C14286B459F004D1312 /* AppDelegate.swift */; };
		91313C17286B459F004D1312 /* SceneDelegate.swift in Sources */ = {isa = PBXBuildFile; fileRef = 91313C16286B459F004D1312 /* SceneDelegate.swift */; };
		91313C19286B459F004D1312 /* ViewController.swift in Sources */ = {isa = PBXBuildFile; fileRef = 91313C18286B459F004D1312 /* ViewController.swift */; };
		91313C1C286B459F004D1312 /* Main.storyboard in Resources */ = {isa = PBXBuildFile; fileRef = 91313C1A286B459F004D1312 /* Main.storyboard */; };
		91313C1E286B45A1004D1312 /* Assets.xcassets in Resources */ = {isa = PBXBuildFile; fileRef = 91313C1D286B45A1004D1312 /* Assets.xcassets */; };
		91313C21286B45A1004D1312 /* LaunchScreen.storyboard in Resources */ = {isa = PBXBuildFile; fileRef = 91313C1F286B45A1004D1312 /* LaunchScreen.storyboard */; };
		91313C2C286B45A1004D1312 /* MCUTests.swift in Sources */ = {isa = PBXBuildFile; fileRef = 91313C2B286B45A1004D1312 /* MCUTests.swift */; };
		91313C36286B45A1004D1312 /* MCUUITests.swift in Sources */ = {isa = PBXBuildFile; fileRef = 91313C35286B45A1004D1312 /* MCUUITests.swift */; };
		91313C38286B45A1004D1312 /* MCUUITestsLaunchTests.swift in Sources */ = {isa = PBXBuildFile; fileRef = 91313C37286B45A1004D1312 /* MCUUITestsLaunchTests.swift */; };
/* End PBXBuildFile section */

/* Begin PBXContainerItemProxy section */
		91313C28286B45A1004D1312 /* PBXContainerItemProxy */ = {
			isa = PBXContainerItemProxy;
			containerPortal = 91313C09286B459F004D1312 /* Project object */;
			proxyType = 1;
			remoteGlobalIDString = 91313C10286B459F004D1312;
			remoteInfo = MCU;
		};
		91313C32286B45A1004D1312 /* PBXContainerItemProxy */ = {
			isa = PBXContainerItemProxy;
			containerPortal = 91313C09286B459F004D1312 /* Project object */;
			proxyType = 1;
			remoteGlobalIDString = 91313C10286B459F004D1312;
			remoteInfo = MCU;
		};
/* End PBXContainerItemProxy section */

/* Begin PBXFileReference section */
		91313C11286B459F004D1312 /* MCU.app */ = {isa = PBXFileReference; explicitFileType = wrapper.application; includeInIndex = 0; path = MCU.app; sourceTree = BUILT_PRODUCTS_DIR; };
		91313C14286B459F004D1312 /* AppDelegate.swift */ = {isa = PBXFileReference; lastKnownFileType = sourcecode.swift; path = AppDelegate.swift; sourceTree = "<group>"; };
		91313C16286B459F004D1312 /* SceneDelegate.swift */ = {isa = PBXFileReference; lastKnownFileType = sourcecode.swift; path = SceneDelegate.swift; sourceTree = "<group>"; };
		91313C18286B459F004D1312 /* ViewController.swift */ = {isa = PBXFileReference; lastKnownFileType = sourcecode.swift; path = ViewController.swift; sourceTree = "<group>"; };
		91313C1B286B459F004D1312 /* Base */ = {isa = PBXFileReference; lastKnownFileType = file.storyboard; name = Base; path = Base.lproj/Main.storyboard; sourceTree = "<group>"; };
		91313C1D286B45A1004D1312 /* Assets.xcassets */ = {isa = PBXFileReference; lastKnownFileType = folder.assetcatalog; path = Assets.xcassets; sourceTree = "<group>"; };
		91313C20286B45A1004D1312 /* Base */ = {isa = PBXFileReference; lastKnownFileType = file.storyboard; name = Base; path = Base.lproj/LaunchScreen.storyboard; sourceTree = "<group>"; };
		91313C22286B45A1004D1312 /* Info.plist */ = {isa = PBXFileReference; lastKnownFileType = text.plist.xml; path = Info.plist; sourceTree = "<group>"; };
		91313C27286B45A1004D1312 /* MCUTests.xctest */ = {isa = PBXFileReference; explicitFileType = wrapper.cfbundle; includeInIndex = 0; path = MCUTests.xctest; sourceTree = BUILT_PRODUCTS_DIR; };
		91313C2B286B45A1004D1312 /* MCUTests.swift */ = {isa = PBXFileReference; lastKnownFileType = sourcecode.swift; path = MCUTests.swift; sourceTree = "<group>"; };
		91313C31286B45A1004D1312 /* MCUUITests.xctest */ = {isa = PBXFileReference; explicitFileType = wrapper.cfbundle; includeInIndex = 0; path = MCUUITests.xctest; sourceTree = BUILT_PRODUCTS_DIR; };
		91313C35286B45A1004D1312 /* MCUUITests.swift */ = {isa = PBXFileReference; lastKnownFileType = sourcecode.swift; path = MCUUITests.swift; sourceTree = "<group>"; };
		91313C37286B45A1004D1312 /* MCUUITestsLaunchTests.swift */ = {isa = PBXFileReference; lastKnownFileType = sourcecode.swift; path = MCUUITestsLaunchTests.swift; sourceTree = "<group>"; };
/* End PBXFileReference section */

/* Begin PBXFrameworksBuildPhase section */
		91313C0E286B459F004D1312 /* Frameworks */ = {
			isa = PBXFrameworksBuildPhase;
			buildActionMask = 2147483647;
			files = (
			);
			runOnlyForDeploymentPostprocessing = 0;
		};
		91313C24286B45A1004D1312 /* Frameworks */ = {
			isa = PBXFrameworksBuildPhase;
			buildActionMask = 2147483647;
			files = (
			);
			runOnlyForDeploymentPostprocessing = 0;
		};
		91313C2E286B45A1004D1312 /* Frameworks */ = {
			isa = PBXFrameworksBuildPhase;
			buildActionMask = 2147483647;
			files = (
			);
			runOnlyForDeploymentPostprocessing = 0;
		};
/* End PBXFrameworksBuildPhase section */

/* Begin PBXGroup section */
		91313C08286B459F004D1312 = {
			isa = PBXGroup;
			children = (
				91313C13286B459F004D1312 /* MCU */,
				91313C2A286B45A1004D1312 /* MCUTests */,
				91313C34286B45A1004D1312 /* MCUUITests */,
				91313C12286B459F004D1312 /* Products */,
			);
			sourceTree = "<group>";
		};
		91313C12286B459F004D1312 /* Products */ = {
			isa = PBXGroup;
			children = (
				91313C11286B459F004D1312 /* MCU.app */,
				91313C27286B45A1004D1312 /* MCUTests.xctest */,
				91313C31286B45A1004D1312 /* MCUUITests.xctest */,
			);
			name = Products;
			sourceTree = "<group>";
		};
		91313C13286B459F004D1312 /* MCU */ = {
			isa = PBXGroup;
			children = (
				91313C14286B459F004D1312 /* AppDelegate.swift */,
				91313C16286B459F004D1312 /* SceneDelegate.swift */,
				91313C18286B459F004D1312 /* ViewController.swift */,
				91313C1A286B459F004D1312 /* Main.storyboard */,
				91313C1D286B45A1004D1312 /* Assets.xcassets */,
				91313C1F286B45A1004D1312 /* LaunchScreen.storyboard */,
				91313C22286B45A1004D1312 /* Info.plist */,
			);
			path = MCU;
			sourceTree = "<group>";
		};
		91313C2A286B45A1004D1312 /* MCUTests */ = {
			isa = PBXGroup;
			children = (
				91313C2B286B45A1004D1312 /* MCUTests.swift */,
			);
			path = MCUTests;
			sourceTree = "<group>";
		};
		91313C34286B45A1004D1312 /* MCUUITests */ = {
			isa = PBXGroup;
			children = (
				91313C35286B45A1004D1312 /* MCUUITests.swift */,
				91313C37286B45A1004D1312 /* MCUUITestsLaunchTests.swift */,
			);
			path = MCUUITests;
			sourceTree = "<group>";
		};
/* End PBXGroup section */

/* Begin PBXNativeTarget section */
		91313C10286B459F004D1312 /* MCU */ = {
			isa = PBXNativeTarget;
			buildConfigurationList = 91313C3B286B45A1004D1312 /* Build configuration list for PBXNativeTarget "MCU" */;
			buildPhases = (
				91313C0D286B459F004D1312 /* Sources */,
				91313C0E286B459F004D1312 /* Frameworks */,
				91313C0F286B459F004D1312 /* Resources */,
			);
			buildRules = (
			);
			dependencies = (
			);
			name = MCU;
			productName = MCU;
			productReference = 91313C11286B459F004D1312 /* MCU.app */;
			productType = "com.apple.product-type.application";
		};
		91313C26286B45A1004D1312 /* MCUTests */ = {
			isa = PBXNativeTarget;
			buildConfigurationList = 91313C3E286B45A1004D1312 /* Build configuration list for PBXNativeTarget "MCUTests" */;
			buildPhases = (
				91313C23286B45A1004D1312 /* Sources */,
				91313C24286B45A1004D1312 /* Frameworks */,
				91313C25286B45A1004D1312 /* Resources */,
			);
			buildRules = (
			);
			dependencies = (
				91313C29286B45A1004D1312 /* PBXTargetDependency */,
			);
			name = MCUTests;
			productName = MCUTests;
			productReference = 91313C27286B45A1004D1312 /* MCUTests.xctest */;
			productType = "com.apple.product-type.bundle.unit-test";
		};
		91313C30286B45A1004D1312 /* MCUUITests */ = {
			isa = PBXNativeTarget;
			buildConfigurationList = 91313C41286B45A1004D1312 /* Build configuration list for PBXNativeTarget "MCUUITests" */;
			buildPhases = (
				91313C2D286B45A1004D1312 /* Sources */,
				91313C2E286B45A1004D1312 /* Frameworks */,
				91313C2F286B45A1004D1312 /* Resources */,
			);
			buildRules = (
			);
			dependencies = (
				91313C33286B45A1004D1312 /* PBXTargetDependency */,
			);
			name = MCUUITests;
			productName = MCUUITests;
			productReference = 91313C31286B45A1004D1312 /* MCUUITests.xctest */;
			productType = "com.apple.product-type.bundle.ui-testing";
		};
/* End PBXNativeTarget section */

/* Begin PBXProject section */
		91313C09286B459F004D1312 /* Project object */ = {
			isa = PBXProject;
			attributes = {
				BuildIndependentTargetsInParallel = 1;
				LastSwiftUpdateCheck = 1340;
				LastUpgradeCheck = 1340;
				TargetAttributes = {
					91313C10286B459F004D1312 = {
						CreatedOnToolsVersion = 13.4.1;
					};
					91313C26286B45A1004D1312 = {
						CreatedOnToolsVersion = 13.4.1;
						TestTargetID = 91313C10286B459F004D1312;
					};
					91313C30286B45A1004D1312 = {
						CreatedOnToolsVersion = 13.4.1;
						TestTargetID = 91313C10286B459F004D1312;
					};
				};
			};
			buildConfigurationList = 91313C0C286B459F004D1312 /* Build configuration list for PBXProject "MCU" */;
			compatibilityVersion = "Xcode 13.0";
			developmentRegion = en;
			hasScannedForEncodings = 0;
			knownRegions = (
				en,
				Base,
			);
			mainGroup = 91313C08286B459F004D1312;
			productRefGroup = 91313C12286B459F004D1312 /* Products */;
			projectDirPath = "";
			projectRoot = "";
			targets = (
				91313C10286B459F004D1312 /* MCU */,
				91313C26286B45A1004D1312 /* MCUTests */,
				91313C30286B45A1004D1312 /* MCUUITests */,
			);
		};
/* End PBXProject section */

/* Begin PBXResourcesBuildPhase section */
		91313C0F286B459F004D1312 /* Resources */ = {
			isa = PBXResourcesBuildPhase;
			buildActionMask = 2147483647;
			files = (
				91313C21286B45A1004D1312 /* LaunchScreen.storyboard in Resources */,
				91313C1E286B45A1004D1312 /* Assets.xcassets in Resources */,
				91313C1C286B459F004D1312 /* Main.storyboard in Resources */,
			);
			runOnlyForDeploymentPostprocessing = 0;
		};
		91313C25286B45A1004D1312 /* Resources */ = {
			isa = PBXResourcesBuildPhase;
			buildActionMask = 2147483647;
			files = (
			);
			runOnlyForDeploymentPostprocessing = 0;
		};
		91313C2F286B45A1004D1312 /* Resources */ = {
			isa = PBXResourcesBuildPhase;
			buildActionMask = 2147483647;
			files = (
			);
			runOnlyForDeploymentPostprocessing = 0;
		};
/* End PBXResourcesBuildPhase section */

/* Begin PBXSourcesBuildPhase section */
		91313C0D286B459F004D1312 /* Sources */ = {
			isa = PBXSourcesBuildPhase;
			buildActionMask = 2147483647;
			files = (
				91313C19286B459F004D1312 /* ViewController.swift in Sources */,
				91313C15286B459F004D1312 /* AppDelegate.swift in Sources */,
				91313C17286B459F004D1312 /* SceneDelegate.swift in Sources */,
			);
			runOnlyForDeploymentPostprocessing = 0;
		};
		91313C23286B45A1004D1312 /* Sources */ = {
			isa = PBXSourcesBuildPhase;
			buildActionMask = 2147483647;
			files = (
				91313C2C286B45A1004D1312 /* MCUTests.swift in Sources */,
			);
			runOnlyForDeploymentPostprocessing = 0;
		};
		91313C2D286B45A1004D1312 /* Sources */ = {
			isa = PBXSourcesBuildPhase;
			buildActionMask = 2147483647;
			files = (
				91313C38286B45A1004D1312 /* MCUUITestsLaunchTests.swift in Sources */,
				91313C36286B45A1004D1312 /* MCUUITests.swift in Sources */,
			);
			runOnlyForDeploymentPostprocessing = 0;
		};
/* End PBXSourcesBuildPhase section */

/* Begin PBXTargetDependency section */
		91313C29286B45A1004D1312 /* PBXTargetDependency */ = {
			isa = PBXTargetDependency;
			target = 91313C10286B459F004D1312 /* MCU */;
			targetProxy = 91313C28286B45A1004D1312 /* PBXContainerItemProxy */;
		};
		91313C33286B45A1004D1312 /* PBXTargetDependency */ = {
			isa = PBXTargetDependency;
			target = 91313C10286B459F004D1312 /* MCU */;
			targetProxy = 91313C32286B45A1004D1312 /* PBXContainerItemProxy */;
		};
/* End PBXTargetDependency section */

/* Begin PBXVariantGroup section */
		91313C1A286B459F004D1312 /* Main.storyboard */ = {
			isa = PBXVariantGroup;
			children = (
				91313C1B286B459F004D1312 /* Base */,
			);
			name = Main.storyboard;
			sourceTree = "<group>";
		};
		91313C1F286B45A1004D1312 /* LaunchScreen.storyboard */ = {
			isa = PBXVariantGroup;
			children = (
				91313C20286B45A1004D1312 /* Base */,
			);
			name = LaunchScreen.storyboard;
			sourceTree = "<group>";
		};
/* End PBXVariantGroup section */

/* Begin XCBuildConfiguration section */
		91313C39286B45A1004D1312 /* Debug */ = {
			isa = XCBuildConfiguration;
			buildSettings = {
				ALWAYS_SEARCH_USER_PATHS = NO;
				CLANG_ANALYZER_NONNULL = YES;
				CLANG_ANALYZER_NUMBER_OBJECT_CONVERSION = YES_AGGRESSIVE;
				CLANG_CXX_LANGUAGE_STANDARD = "gnu++17";
				CLANG_ENABLE_MODULES = YES;
				CLANG_ENABLE_OBJC_ARC = YES;
				CLANG_ENABLE_OBJC_WEAK = YES;
				CLANG_WARN_BLOCK_CAPTURE_AUTORELEASING = YES;
				CLANG_WARN_BOOL_CONVERSION = YES;
				CLANG_WARN_COMMA = YES;
				CLANG_WARN_CONSTANT_CONVERSION = YES;
				CLANG_WARN_DEPRECATED_OBJC_IMPLEMENTATIONS = YES;
				CLANG_WARN_DIRECT_OBJC_ISA_USAGE = YES_ERROR;
				CLANG_WARN_DOCUMENTATION_COMMENTS = YES;
				CLANG_WARN_EMPTY_BODY = YES;
				CLANG_WARN_ENUM_CONVERSION = YES;
				CLANG_WARN_INFINITE_RECURSION = YES;
				CLANG_WARN_INT_CONVERSION = YES;
				CLANG_WARN_NON_LITERAL_NULL_CONVERSION = YES;
				CLANG_WARN_OBJC_IMPLICIT_RETAIN_SELF = YES;
				CLANG_WARN_OBJC_LITERAL_CONVERSION = YES;
				CLANG_WARN_OBJC_ROOT_CLASS = YES_ERROR;
				CLANG_WARN_QUOTED_INCLUDE_IN_FRAMEWORK_HEADER = YES;
				CLANG_WARN_RANGE_LOOP_ANALYSIS = YES;
				CLANG_WARN_STRICT_PROTOTYPES = YES;
				CLANG_WARN_SUSPICIOUS_MOVE = YES;
				CLANG_WARN_UNGUARDED_AVAILABILITY = YES_AGGRESSIVE;
				CLANG_WARN_UNREACHABLE_CODE = YES;
				CLANG_WARN__DUPLICATE_METHOD_MATCH = YES;
				COPY_PHASE_STRIP = NO;
				DEBUG_INFORMATION_FORMAT = dwarf;
				ENABLE_STRICT_OBJC_MSGSEND = YES;
				ENABLE_TESTABILITY = YES;
				GCC_C_LANGUAGE_STANDARD = gnu11;
				GCC_DYNAMIC_NO_PIC = NO;
				GCC_NO_COMMON_BLOCKS = YES;
				GCC_OPTIMIZATION_LEVEL = 0;
				GCC_PREPROCESSOR_DEFINITIONS = (
					"DEBUG=1",
					"$(inherited)",
				);
				GCC_WARN_64_TO_32_BIT_CONVERSION = YES;
				GCC_WARN_ABOUT_RETURN_TYPE = YES_ERROR;
				GCC_WARN_UNDECLARED_SELECTOR = YES;
				GCC_WARN_UNINITIALIZED_AUTOS = YES_AGGRESSIVE;
				GCC_WARN_UNUSED_FUNCTION = YES;
				GCC_WARN_UNUSED_VARIABLE = YES;
				IPHONEOS_DEPLOYMENT_TARGET = 15.5;
				MTL_ENABLE_DEBUG_INFO = INCLUDE_SOURCE;
				MTL_FAST_MATH = YES;
				ONLY_ACTIVE_ARCH = YES;
				SDKROOT = iphoneos;
				SWIFT_ACTIVE_COMPILATION_CONDITIONS = DEBUG;
				SWIFT_OPTIMIZATION_LEVEL = "-Onone";
			};
			name = Debug;
		};
		91313C3A286B45A1004D1312 /* Release */ = {
			isa = XCBuildConfiguration;
			buildSettings = {
				ALWAYS_SEARCH_USER_PATHS = NO;
				CLANG_ANALYZER_NONNULL = YES;
				CLANG_ANALYZER_NUMBER_OBJECT_CONVERSION = YES_AGGRESSIVE;
				CLANG_CXX_LANGUAGE_STANDARD = "gnu++17";
				CLANG_ENABLE_MODULES = YES;
				CLANG_ENABLE_OBJC_ARC = YES;
				CLANG_ENABLE_OBJC_WEAK = YES;
				CLANG_WARN_BLOCK_CAPTURE_AUTORELEASING = YES;
				CLANG_WARN_BOOL_CONVERSION = YES;
				CLANG_WARN_COMMA = YES;
				CLANG_WARN_CONSTANT_CONVERSION = YES;
				CLANG_WARN_DEPRECATED_OBJC_IMPLEMENTATIONS = YES;
				CLANG_WARN_DIRECT_OBJC_ISA_USAGE = YES_ERROR;
				CLANG_WARN_DOCUMENTATION_COMMENTS = YES;
				CLANG_WARN_EMPTY_BODY = YES;
				CLANG_WARN_ENUM_CONVERSION = YES;
				CLANG_WARN_INFINITE_RECURSION = YES;
				CLANG_WARN_INT_CONVERSION = YES;
				CLANG_WARN_NON_LITERAL_NULL_CONVERSION = YES;
				CLANG_WARN_OBJC_IMPLICIT_RETAIN_SELF = YES;
				CLANG_WARN_OBJC_LITERAL_CONVERSION = YES;
				CLANG_WARN_OBJC_ROOT_CLASS = YES_ERROR;
				CLANG_WARN_QUOTED_INCLUDE_IN_FRAMEWORK_HEADER = YES;
				CLANG_WARN_RANGE_LOOP_ANALYSIS = YES;
				CLANG_WARN_STRICT_PROTOTYPES = YES;
				CLANG_WARN_SUSPICIOUS_MOVE = YES;
				CLANG_WARN_UNGUARDED_AVAILABILITY = YES_AGGRESSIVE;
				CLANG_WARN_UNREACHABLE_CODE = YES;
				CLANG_WARN__DUPLICATE_METHOD_MATCH = YES;
				COPY_PHASE_STRIP = NO;
				DEBUG_INFORMATION_FORMAT = "dwarf-with-dsym";
				ENABLE_NS_ASSERTIONS = NO;
				ENABLE_STRICT_OBJC_MSGSEND = YES;
				GCC_C_LANGUAGE_STANDARD = gnu11;
				GCC_NO_COMMON_BLOCKS = YES;
				GCC_WARN_64_TO_32_BIT_CONVERSION = YES;
				GCC_WARN_ABOUT_RETURN_TYPE = YES_ERROR;
				GCC_WARN_UNDECLARED_SELECTOR = YES;
				GCC_WARN_UNINITIALIZED_AUTOS = YES_AGGRESSIVE;
				GCC_WARN_UNUSED_FUNCTION = YES;
				GCC_WARN_UNUSED_VARIABLE = YES;
				IPHONEOS_DEPLOYMENT_TARGET = 15.5;
				MTL_ENABLE_DEBUG_INFO = NO;
				MTL_FAST_MATH = YES;
				SDKROOT = iphoneos;
				SWIFT_COMPILATION_MODE = wholemodule;
				SWIFT_OPTIMIZATION_LEVEL = "-O";
				VALIDATE_PRODUCT = YES;
			};
			name = Release;
		};
		91313C3C286B45A1004D1312 /* Debug */ = {
			isa = XCBuildConfiguration;
			buildSettings = {
				ASSETCATALOG_COMPILER_APPICON_NAME = AppIcon;
				ASSETCATALOG_COMPILER_GLOBAL_ACCENT_COLOR_NAME = AccentColor;
				CODE_SIGN_STYLE = Automatic;
				CURRENT_PROJECT_VERSION = 1;
				DEVELOPMENT_TEAM = TR977S8V22;
				GENERATE_INFOPLIST_FILE = YES;
				INFOPLIST_FILE = MCU/Info.plist;
				INFOPLIST_KEY_UIApplicationSupportsIndirectInputEvents = YES;
				INFOPLIST_KEY_UILaunchStoryboardName = LaunchScreen;
				INFOPLIST_KEY_UIMainStoryboardFile = Main;
				INFOPLIST_KEY_UISupportedInterfaceOrientations_iPad = "UIInterfaceOrientationPortrait UIInterfaceOrientationPortraitUpsideDown UIInterfaceOrientationLandscapeLeft UIInterfaceOrientationLandscapeRight";
				INFOPLIST_KEY_UISupportedInterfaceOrientations_iPhone = "UIInterfaceOrientationPortrait UIInterfaceOrientationLandscapeLeft UIInterfaceOrientationLandscapeRight";
				LD_RUNPATH_SEARCH_PATHS = (
					"$(inherited)",
					"@executable_path/Frameworks",
				);
				MARKETING_VERSION = 1.0;
				PRODUCT_BUNDLE_IDENTIFIER = com.app.MCU;
				PRODUCT_NAME = "$(TARGET_NAME)";
				SWIFT_EMIT_LOC_STRINGS = YES;
				SWIFT_VERSION = 5.0;
				TARGETED_DEVICE_FAMILY = "1,2";
			};
			name = Debug;
		};
		91313C3D286B45A1004D1312 /* Release */ = {
			isa = XCBuildConfiguration;
			buildSettings = {
				ASSETCATALOG_COMPILER_APPICON_NAME = AppIcon;
				ASSETCATALOG_COMPILER_GLOBAL_ACCENT_COLOR_NAME = AccentColor;
				CODE_SIGN_STYLE = Automatic;
				CURRENT_PROJECT_VERSION = 1;
				DEVELOPMENT_TEAM = TR977S8V22;
				GENERATE_INFOPLIST_FILE = YES;
				INFOPLIST_FILE = MCU/Info.plist;
				INFOPLIST_KEY_UIApplicationSupportsIndirectInputEvents = YES;
				INFOPLIST_KEY_UILaunchStoryboardName = LaunchScreen;
				INFOPLIST_KEY_UIMainStoryboardFile = Main;
				INFOPLIST_KEY_UISupportedInterfaceOrientations_iPad = "UIInterfaceOrientationPortrait UIInterfaceOrientationPortraitUpsideDown UIInterfaceOrientationLandscapeLeft UIInterfaceOrientationLandscapeRight";
				INFOPLIST_KEY_UISupportedInterfaceOrientations_iPhone = "UIInterfaceOrientationPortrait UIInterfaceOrientationLandscapeLeft UIInterfaceOrientationLandscapeRight";
				LD_RUNPATH_SEARCH_PATHS = (
					"$(inherited)",
					"@executable_path/Frameworks",
				);
				MARKETING_VERSION = 1.0;
				PRODUCT_BUNDLE_IDENTIFIER = com.app.MCU;
				PRODUCT_NAME = "$(TARGET_NAME)";
				SWIFT_EMIT_LOC_STRINGS = YES;
				SWIFT_VERSION = 5.0;
				TARGETED_DEVICE_FAMILY = "1,2";
			};
			name = Release;
		};
		91313C3F286B45A1004D1312 /* Debug */ = {
			isa = XCBuildConfiguration;
			buildSettings = {
				ALWAYS_EMBED_SWIFT_STANDARD_LIBRARIES = YES;
				BUNDLE_LOADER = "$(TEST_HOST)";
				CODE_SIGN_STYLE = Automatic;
				CURRENT_PROJECT_VERSION = 1;
				DEVELOPMENT_TEAM = TR977S8V22;
				GENERATE_INFOPLIST_FILE = YES;
				IPHONEOS_DEPLOYMENT_TARGET = 15.5;
				MARKETING_VERSION = 1.0;
				PRODUCT_BUNDLE_IDENTIFIER = com.app.MCUTests;
				PRODUCT_NAME = "$(TARGET_NAME)";
				SWIFT_EMIT_LOC_STRINGS = NO;
				SWIFT_VERSION = 5.0;
				TARGETED_DEVICE_FAMILY = "1,2";
				TEST_HOST = "$(BUILT_PRODUCTS_DIR)/MCU.app/MCU";
			};
			name = Debug;
		};
		91313C40286B45A1004D1312 /* Release */ = {
			isa = XCBuildConfiguration;
			buildSettings = {
				ALWAYS_EMBED_SWIFT_STANDARD_LIBRARIES = YES;
				BUNDLE_LOADER = "$(TEST_HOST)";
				CODE_SIGN_STYLE = Automatic;
				CURRENT_PROJECT_VERSION = 1;
				DEVELOPMENT_TEAM = TR977S8V22;
				GENERATE_INFOPLIST_FILE = YES;
				IPHONEOS_DEPLOYMENT_TARGET = 15.5;
				MARKETING_VERSION = 1.0;
				PRODUCT_BUNDLE_IDENTIFIER = com.app.MCUTests;
				PRODUCT_NAME = "$(TARGET_NAME)";
				SWIFT_EMIT_LOC_STRINGS = NO;
				SWIFT_VERSION = 5.0;
				TARGETED_DEVICE_FAMILY = "1,2";
				TEST_HOST = "$(BUILT_PRODUCTS_DIR)/MCU.app/MCU";
			};
			name = Release;
		};
		91313C42286B45A1004D1312 /* Debug */ = {
			isa = XCBuildConfiguration;
			buildSettings = {
				ALWAYS_EMBED_SWIFT_STANDARD_LIBRARIES = YES;
				CODE_SIGN_STYLE = Automatic;
				CURRENT_PROJECT_VERSION = 1;
				DEVELOPMENT_TEAM = TR977S8V22;
				GENERATE_INFOPLIST_FILE = YES;
				MARKETING_VERSION = 1.0;
				PRODUCT_BUNDLE_IDENTIFIER = com.app.MCUUITests;
				PRODUCT_NAME = "$(TARGET_NAME)";
				SWIFT_EMIT_LOC_STRINGS = NO;
				SWIFT_VERSION = 5.0;
				TARGETED_DEVICE_FAMILY = "1,2";
				TEST_TARGET_NAME = MCU;
			};
			name = Debug;
		};
		91313C43286B45A1004D1312 /* Release */ = {
			isa = XCBuildConfiguration;
			buildSettings = {
				ALWAYS_EMBED_SWIFT_STANDARD_LIBRARIES = YES;
				CODE_SIGN_STYLE = Automatic;
				CURRENT_PROJECT_VERSION = 1;
				DEVELOPMENT_TEAM = TR977S8V22;
				GENERATE_INFOPLIST_FILE = YES;
				MARKETING_VERSION = 1.0;
				PRODUCT_BUNDLE_IDENTIFIER = com.app.MCUUITests;
				PRODUCT_NAME = "$(TARGET_NAME)";
				SWIFT_EMIT_LOC_STRINGS = NO;
				SWIFT_VERSION = 5.0;
				TARGETED_DEVICE_FAMILY = "1,2";
				TEST_TARGET_NAME = MCU;
			};
			name = Release;
		};
/* End XCBuildConfiguration section */

/* Begin XCConfigurationList section */
		91313C0C286B459F004D1312 /* Build configuration list for PBXProject "MCU" */ = {
			isa = XCConfigurationList;
			buildConfigurations = (
				91313C39286B45A1004D1312 /* Debug */,
				91313C3A286B45A1004D1312 /* Release */,
			);
			defaultConfigurationIsVisible = 0;
			defaultConfigurationName = Release;
		};
		91313C3B286B45A1004D1312 /* Build configuration list for PBXNativeTarget "MCU" */ = {
			isa = XCConfigurationList;
			buildConfigurations = (
				91313C3C286B45A1004D1312 /* Debug */,
				91313C3D286B45A1004D1312 /* Release */,
			);
			defaultConfigurationIsVisible = 0;
			defaultConfigurationName = Release;
		};
		91313C3E286B45A1004D1312 /* Build configuration list for PBXNativeTarget "MCUTests" */ = {
			isa = XCConfigurationList;
			buildConfigurations = (
				91313C3F286B45A1004D1312 /* Debug */,
				91313C40286B45A1004D1312 /* Release */,
			);
			defaultConfigurationIsVisible = 0;
			defaultConfigurationName = Release;
		};
		91313C41286B45A1004D1312 /* Build configuration list for PBXNativeTarget "MCUUITests" */ = {
			isa = XCConfigurationList;
			buildConfigurations = (
				91313C42286B45A1004D1312 /* Debug */,
				91313C43286B45A1004D1312 /* Release */,
			);
			defaultConfigurationIsVisible = 0;
			defaultConfigurationName = Release;
		};
/* End XCConfigurationList section */
	};
	rootObject = 91313C09286B459F004D1312 /* Project object */;
}
